
Microsoft Visual Studio Solution File, Format Version 12.00
# Visual Studio Version 16
VisualStudioVersion = 16.0.34031.81
MinimumVisualStudioVersion = 10.0.40219.1
Project("{FAE04EC0-301F-11D3-BF4B-00C04F79EFBC}") = "Estilos de Aritz Perez de Ciriza", "Estilos de Aritz Perez de Ciriza.csproj", "{FA09185D-5B4C-4110-9545-B4E69B8BBBD3}"
EndProject
Global
	GlobalSection(SolutionConfigurationPlatforms) = preSolution
		Debug|Any CPU = Debug|Any CPU
		Release|Any CPU = Release|Any CPU
	EndGlobalSection
	GlobalSection(ProjectConfigurationPlatforms) = postSolution
		{FA09185D-5B4C-4110-9545-B4E69B8BBBD3}.Debug|Any CPU.ActiveCfg = Debug|Any CPU
		{FA09185D-5B4C-4110-9545-B4E69B8BBBD3}.Debug|Any CPU.Build.0 = Debug|Any CPU
		{FA09185D-5B4C-4110-9545-B4E69B8BBBD3}.Release|Any CPU.ActiveCfg = Release|Any CPU
		{FA09185D-5B4C-4110-9545-B4E69B8BBBD3}.Release|Any CPU.Build.0 = Release|Any CPU
	EndGlobalSection
	GlobalSection(SolutionProperties) = preSolution
		HideSolutionNode = FALSE
	EndGlobalSection
	GlobalSection(ExtensibilityGlobals) = postSolution
		SolutionGuid = {82393D46-9402-4A79-8ADF-B4F0D31834E0}
	EndGlobalSection
EndGlobal
